
Microsoft Visual Studio Solution File, Format Version 12.00
# Visual Studio Version 17
VisualStudioVersion = 17.9.34701.34
MinimumVisualStudioVersion = 10.0.40219.1
Project("{9A19103F-16F7-4668-BE54-9A1E7A4F7556}") = "Kitchen", "TraineeTasks\Kitchen.csproj", "{6EB85931-CB49-4642-88B0-4D3ED89FA0F9}"
EndProject
Project("{2150E333-8FDC-42A3-9474-1A3956D46DE8}") = "KitchenExtensions", "KitchenExtensions", "{8843FB95-6233-459C-8BD2-007E86180645}"
EndProject
Project("{9A19103F-16F7-4668-BE54-9A1E7A4F7556}") = "RecipeRequirement", "RecipeRequirement\RecipeRequirement.csproj", "{98282B3E-0C50-4E61-9455-33A4F110DEF5}"
EndProject
Project("{9A19103F-16F7-4668-BE54-9A1E7A4F7556}") = "EastCuisine", "EastCuisine\EastCuisine.csproj", "{8D93C8DF-919F-4CCF-A2F6-2110B361263E}"
EndProject
Project("{2150E333-8FDC-42A3-9474-1A3956D46DE8}") = "CalculatorWithUnitTest", "CalculatorWithUnitTest", "{DE8DEA37-35EF-4B12-8611-808DBA4DD627}"
EndProject
Project("{9A19103F-16F7-4668-BE54-9A1E7A4F7556}") = "CalculatorTests", "CalculatorTests\CalculatorTests.csproj", "{55212AB7-C2ED-4548-992F-A2CA4895F7A3}"
	ProjectSection(ProjectDependencies) = postProject
		{390EAB9F-B956-4B52-A0BD-C718A1A1F339} = {390EAB9F-B956-4B52-A0BD-C718A1A1F339}
	EndProjectSection
EndProject
Project("{9A19103F-16F7-4668-BE54-9A1E7A4F7556}") = "Calculator", "Calculator\Calculator.csproj", "{390EAB9F-B956-4B52-A0BD-C718A1A1F339}"
EndProject
Project("{9A19103F-16F7-4668-BE54-9A1E7A4F7556}") = "StudentsInfo", "StudentsInfo\StudentsInfo.csproj", "{3D03C6FC-F3B4-4C85-A9A0-2DE9D199883C}"
EndProject
Project("{9A19103F-16F7-4668-BE54-9A1E7A4F7556}") = "ADO_Net_demo", "ADO_Net_demo\ADO_Net_demo.csproj", "{CF60E79D-E631-422E-8F0B-84BCEEDFD517}"
EndProject
Global
	GlobalSection(SolutionConfigurationPlatforms) = preSolution
		Debug|Any CPU = Debug|Any CPU
		Release|Any CPU = Release|Any CPU
	EndGlobalSection
	GlobalSection(ProjectConfigurationPlatforms) = postSolution
		{6EB85931-CB49-4642-88B0-4D3ED89FA0F9}.Debug|Any CPU.ActiveCfg = Debug|Any CPU
		{6EB85931-CB49-4642-88B0-4D3ED89FA0F9}.Debug|Any CPU.Build.0 = Debug|Any CPU
		{6EB85931-CB49-4642-88B0-4D3ED89FA0F9}.Release|Any CPU.ActiveCfg = Release|Any CPU
		{6EB85931-CB49-4642-88B0-4D3ED89FA0F9}.Release|Any CPU.Build.0 = Release|Any CPU
		{98282B3E-0C50-4E61-9455-33A4F110DEF5}.Debug|Any CPU.ActiveCfg = Debug|Any CPU
		{98282B3E-0C50-4E61-9455-33A4F110DEF5}.Debug|Any CPU.Build.0 = Debug|Any CPU
		{98282B3E-0C50-4E61-9455-33A4F110DEF5}.Release|Any CPU.ActiveCfg = Release|Any CPU
		{98282B3E-0C50-4E61-9455-33A4F110DEF5}.Release|Any CPU.Build.0 = Release|Any CPU
		{8D93C8DF-919F-4CCF-A2F6-2110B361263E}.Debug|Any CPU.ActiveCfg = Debug|Any CPU
		{8D93C8DF-919F-4CCF-A2F6-2110B361263E}.Debug|Any CPU.Build.0 = Debug|Any CPU
		{8D93C8DF-919F-4CCF-A2F6-2110B361263E}.Release|Any CPU.ActiveCfg = Release|Any CPU
		{8D93C8DF-919F-4CCF-A2F6-2110B361263E}.Release|Any CPU.Build.0 = Release|Any CPU
		{55212AB7-C2ED-4548-992F-A2CA4895F7A3}.Debug|Any CPU.ActiveCfg = Debug|Any CPU
		{55212AB7-C2ED-4548-992F-A2CA4895F7A3}.Debug|Any CPU.Build.0 = Debug|Any CPU
		{55212AB7-C2ED-4548-992F-A2CA4895F7A3}.Release|Any CPU.ActiveCfg = Release|Any CPU
		{55212AB7-C2ED-4548-992F-A2CA4895F7A3}.Release|Any CPU.Build.0 = Release|Any CPU
		{390EAB9F-B956-4B52-A0BD-C718A1A1F339}.Debug|Any CPU.ActiveCfg = Debug|Any CPU
		{390EAB9F-B956-4B52-A0BD-C718A1A1F339}.Debug|Any CPU.Build.0 = Debug|Any CPU
		{390EAB9F-B956-4B52-A0BD-C718A1A1F339}.Release|Any CPU.ActiveCfg = Release|Any CPU
		{390EAB9F-B956-4B52-A0BD-C718A1A1F339}.Release|Any CPU.Build.0 = Release|Any CPU
		{3D03C6FC-F3B4-4C85-A9A0-2DE9D199883C}.Debug|Any CPU.ActiveCfg = Debug|Any CPU
		{3D03C6FC-F3B4-4C85-A9A0-2DE9D199883C}.Debug|Any CPU.Build.0 = Debug|Any CPU
		{3D03C6FC-F3B4-4C85-A9A0-2DE9D199883C}.Release|Any CPU.ActiveCfg = Release|Any CPU
		{3D03C6FC-F3B4-4C85-A9A0-2DE9D199883C}.Release|Any CPU.Build.0 = Release|Any CPU
		{CF60E79D-E631-422E-8F0B-84BCEEDFD517}.Debug|Any CPU.ActiveCfg = Debug|Any CPU
		{CF60E79D-E631-422E-8F0B-84BCEEDFD517}.Debug|Any CPU.Build.0 = Debug|Any CPU
		{CF60E79D-E631-422E-8F0B-84BCEEDFD517}.Release|Any CPU.ActiveCfg = Release|Any CPU
		{CF60E79D-E631-422E-8F0B-84BCEEDFD517}.Release|Any CPU.Build.0 = Release|Any CPU
	EndGlobalSection
	GlobalSection(SolutionProperties) = preSolution
		HideSolutionNode = FALSE
	EndGlobalSection
	GlobalSection(NestedProjects) = preSolution
		{98282B3E-0C50-4E61-9455-33A4F110DEF5} = {8843FB95-6233-459C-8BD2-007E86180645}
		{8D93C8DF-919F-4CCF-A2F6-2110B361263E} = {8843FB95-6233-459C-8BD2-007E86180645}
		{55212AB7-C2ED-4548-992F-A2CA4895F7A3} = {DE8DEA37-35EF-4B12-8611-808DBA4DD627}
		{390EAB9F-B956-4B52-A0BD-C718A1A1F339} = {DE8DEA37-35EF-4B12-8611-808DBA4DD627}
	EndGlobalSection
	GlobalSection(ExtensibilityGlobals) = postSolution
		SolutionGuid = {A23D1AFC-935A-4C30-8460-3ABD9C3E2027}
	EndGlobalSection
EndGlobal
